
Microsoft Visual Studio Solution File, Format Version 12.00
# Visual Studio 15
Project("{FAE04EC0-301F-11D3-BF4B-00C04F79EFBC}") = "VuforiaScripts", "VuforiaScripts.csproj", "{C8372E08-3F82-9A34-6B74-CFED977B2E84}"
EndProject
Project("{FAE04EC0-301F-11D3-BF4B-00C04F79EFBC}") = "Assembly-CSharp", "Assembly-CSharp.csproj", "{7E5D5BB1-E8E3-E131-A1A2-AAE3AAF31D72}"
EndProject
Project("{FAE04EC0-301F-11D3-BF4B-00C04F79EFBC}") = "VuforiaEditorScripts", "VuforiaEditorScripts.csproj", "{3416D5CE-8E5A-9FB0-4563-2AE16C08A3CD}"
EndProject
Global
	GlobalSection(SolutionConfigurationPlatforms) = preSolution
		Debug|Any CPU = Debug|Any CPU
		Release|Any CPU = Release|Any CPU
	EndGlobalSection
	GlobalSection(ProjectConfigurationPlatforms) = postSolution
		{C8372E08-3F82-9A34-6B74-CFED977B2E84}.Debug|Any CPU.ActiveCfg = Debug|Any CPU
		{C8372E08-3F82-9A34-6B74-CFED977B2E84}.Debug|Any CPU.Build.0 = Debug|Any CPU
		{C8372E08-3F82-9A34-6B74-CFED977B2E84}.Release|Any CPU.ActiveCfg = Release|Any CPU
		{C8372E08-3F82-9A34-6B74-CFED977B2E84}.Release|Any CPU.Build.0 = Release|Any CPU
		{7E5D5BB1-E8E3-E131-A1A2-AAE3AAF31D72}.Debug|Any CPU.ActiveCfg = Debug|Any CPU
		{7E5D5BB1-E8E3-E131-A1A2-AAE3AAF31D72}.Debug|Any CPU.Build.0 = Debug|Any CPU
		{7E5D5BB1-E8E3-E131-A1A2-AAE3AAF31D72}.Release|Any CPU.ActiveCfg = Release|Any CPU
		{7E5D5BB1-E8E3-E131-A1A2-AAE3AAF31D72}.Release|Any CPU.Build.0 = Release|Any CPU
		{3416D5CE-8E5A-9FB0-4563-2AE16C08A3CD}.Debug|Any CPU.ActiveCfg = Debug|Any CPU
		{3416D5CE-8E5A-9FB0-4563-2AE16C08A3CD}.Debug|Any CPU.Build.0 = Debug|Any CPU
		{3416D5CE-8E5A-9FB0-4563-2AE16C08A3CD}.Release|Any CPU.ActiveCfg = Release|Any CPU
		{3416D5CE-8E5A-9FB0-4563-2AE16C08A3CD}.Release|Any CPU.Build.0 = Release|Any CPU
	EndGlobalSection
	GlobalSection(SolutionProperties) = preSolution
		HideSolutionNode = FALSE
	EndGlobalSection
EndGlobal
